
Microsoft Visual Studio Solution File, Format Version 12.00
# Visual Studio Version 17
VisualStudioVersion = 17.5.002.0
MinimumVisualStudioVersion = 10.0.40219.1
Project("{9A19103F-16F7-4668-BE54-9A1E7A4F7556}") = "Task1", "Task1\Task1.csproj", "{9B3FED9A-610D-4849-A56F-AF4E512C7CE0}"
EndProject
Global
	GlobalSection(SolutionConfigurationPlatforms) = preSolution
		Debug|Any CPU = Debug|Any CPU
		Release|Any CPU = Release|Any CPU
	EndGlobalSection
	GlobalSection(ProjectConfigurationPlatforms) = postSolution
		{9B3FED9A-610D-4849-A56F-AF4E512C7CE0}.Debug|Any CPU.ActiveCfg = Debug|Any CPU
		{9B3FED9A-610D-4849-A56F-AF4E512C7CE0}.Debug|Any CPU.Build.0 = Debug|Any CPU
		{9B3FED9A-610D-4849-A56F-AF4E512C7CE0}.Release|Any CPU.ActiveCfg = Release|Any CPU
		{9B3FED9A-610D-4849-A56F-AF4E512C7CE0}.Release|Any CPU.Build.0 = Release|Any CPU
	EndGlobalSection
	GlobalSection(SolutionProperties) = preSolution
		HideSolutionNode = FALSE
	EndGlobalSection
	GlobalSection(ExtensibilityGlobals) = postSolution
		SolutionGuid = {8D9A6755-10FE-4CFC-B614-0DCCA23D4A30}
	EndGlobalSection
EndGlobal
